
Microsoft Visual Studio Solution File, Format Version 12.00
# Visual Studio Version 16
VisualStudioVersion = 16.0.30907.101
MinimumVisualStudioVersion = 10.0.40219.1
Project("{FAE04EC0-301F-11D3-BF4B-00C04F79EFBC}") = "ClassMetotDemo", "ClassMetotDemo\ClassMetotDemo.csproj", "{695EB65F-AB14-4E86-8F5F-AEF1EC8C358A}"
EndProject
Global
	GlobalSection(SolutionConfigurationPlatforms) = preSolution
		Debug|Any CPU = Debug|Any CPU
		Release|Any CPU = Release|Any CPU
	EndGlobalSection
	GlobalSection(ProjectConfigurationPlatforms) = postSolution
		{695EB65F-AB14-4E86-8F5F-AEF1EC8C358A}.Debug|Any CPU.ActiveCfg = Debug|Any CPU
		{695EB65F-AB14-4E86-8F5F-AEF1EC8C358A}.Debug|Any CPU.Build.0 = Debug|Any CPU
		{695EB65F-AB14-4E86-8F5F-AEF1EC8C358A}.Release|Any CPU.ActiveCfg = Release|Any CPU
		{695EB65F-AB14-4E86-8F5F-AEF1EC8C358A}.Release|Any CPU.Build.0 = Release|Any CPU
	EndGlobalSection
	GlobalSection(SolutionProperties) = preSolution
		HideSolutionNode = FALSE
	EndGlobalSection
	GlobalSection(ExtensibilityGlobals) = postSolution
		SolutionGuid = {27972B45-8194-4DB8-A1A4-3AC24838D144}
	EndGlobalSection
EndGlobal
